// !$*UTF8*$!
{
	archiveVersion = 1;
	classes = {
	};
	objectVersion = 77;
	objects = {

/* Begin PBXContainerItemProxy section */
		A42B92D92CFBC42300B49A25 /* PBXContainerItemProxy */ = {
			isa = PBXContainerItemProxy;
			containerPortal = A42B92C02CFBC42100B49A25 /* Project object */;
			proxyType = 1;
			remoteGlobalIDString = A42B92C72CFBC42100B49A25;
			remoteInfo = MyLittlePony;
		};
		A42B92E32CFBC42300B49A25 /* PBXContainerItemProxy */ = {
			isa = PBXContainerItemProxy;
			containerPortal = A42B92C02CFBC42100B49A25 /* Project object */;
			proxyType = 1;
			remoteGlobalIDString = A42B92C72CFBC42100B49A25;
			remoteInfo = MyLittlePony;
		};
/* End PBXContainerItemProxy section */

/* Begin PBXFileReference section */
		A42B92C82CFBC42100B49A25 /* MyLittlePony.app */ = {isa = PBXFileReference; explicitFileType = wrapper.application; includeInIndex = 0; path = MyLittlePony.app; sourceTree = BUILT_PRODUCTS_DIR; };
		A42B92D82CFBC42300B49A25 /* MyLittlePonyTests.xctest */ = {isa = PBXFileReference; explicitFileType = wrapper.cfbundle; includeInIndex = 0; path = MyLittlePonyTests.xctest; sourceTree = BUILT_PRODUCTS_DIR; };
		A42B92E22CFBC42300B49A25 /* MyLittlePonyUITests.xctest */ = {isa = PBXFileReference; explicitFileType = wrapper.cfbundle; includeInIndex = 0; path = MyLittlePonyUITests.xctest; sourceTree = BUILT_PRODUCTS_DIR; };
/* End PBXFileReference section */

/* Begin PBXFileSystemSynchronizedBuildFileExceptionSet section */
		A466E7BE2D072A8E00DEB748 /* Exceptions for "MyLittlePony" folder in "MyLittlePonyUITests" target */ = {
			isa = PBXFileSystemSynchronizedBuildFileExceptionSet;
			membershipExceptions = (
				Accessibility/AccessibilityIdentifier.swift,
				Accessibility/AccessId.swift,
				"Accessibility/AccessId+Login.swift",
				"Accessibility/AccessId+NotLoggedInEntryView.swift",
				"Accessibility/AccessId+OTPView.swift",
				"Accessibility/AccessId+RegistrationView.swift",
			);
			target = A42B92E12CFBC42300B49A25 /* MyLittlePonyUITests */;
		};
/* End PBXFileSystemSynchronizedBuildFileExceptionSet section */

/* Begin PBXFileSystemSynchronizedRootGroup section */
		A42B92CA2CFBC42100B49A25 /* MyLittlePony */ = {
			isa = PBXFileSystemSynchronizedRootGroup;
			exceptions = (
				A466E7BE2D072A8E00DEB748 /* Exceptions for "MyLittlePony" folder in "MyLittlePonyUITests" target */,
			);
			path = MyLittlePony;
			sourceTree = "<group>";
		};
		A42B92DB2CFBC42300B49A25 /* MyLittlePonyTests */ = {
			isa = PBXFileSystemSynchronizedRootGroup;
			path = MyLittlePonyTests;
			sourceTree = "<group>";
		};
		A42B92E52CFBC42300B49A25 /* MyLittlePonyUITests */ = {
			isa = PBXFileSystemSynchronizedRootGroup;
			path = MyLittlePonyUITests;
			sourceTree = "<group>";
		};
/* End PBXFileSystemSynchronizedRootGroup section */

/* Begin PBXFrameworksBuildPhase section */
		A42B92C52CFBC42100B49A25 /* Frameworks */ = {
			isa = PBXFrameworksBuildPhase;
			buildActionMask = 2147483647;
			files = (
			);
			runOnlyForDeploymentPostprocessing = 0;
		};
		A42B92D52CFBC42300B49A25 /* Frameworks */ = {
			isa = PBXFrameworksBuildPhase;
			buildActionMask = 2147483647;
			files = (
			);
			runOnlyForDeploymentPostprocessing = 0;
		};
		A42B92DF2CFBC42300B49A25 /* Frameworks */ = {
			isa = PBXFrameworksBuildPhase;
			buildActionMask = 2147483647;
			files = (
			);
			runOnlyForDeploymentPostprocessing = 0;
		};
/* End PBXFrameworksBuildPhase section */

/* Begin PBXGroup section */
		A42B92BF2CFBC42100B49A25 = {
			isa = PBXGroup;
			children = (
				A42B92CA2CFBC42100B49A25 /* MyLittlePony */,
				A42B92DB2CFBC42300B49A25 /* MyLittlePonyTests */,
				A42B92E52CFBC42300B49A25 /* MyLittlePonyUITests */,
				A42B92C92CFBC42100B49A25 /* Products */,
			);
			sourceTree = "<group>";
		};
		A42B92C92CFBC42100B49A25 /* Products */ = {
			isa = PBXGroup;
			children = (
				A42B92C82CFBC42100B49A25 /* MyLittlePony.app */,
				A42B92D82CFBC42300B49A25 /* MyLittlePonyTests.xctest */,
				A42B92E22CFBC42300B49A25 /* MyLittlePonyUITests.xctest */,
			);
			name = Products;
			sourceTree = "<group>";
		};
/* End PBXGroup section */

/* Begin PBXNativeTarget section */
		A42B92C72CFBC42100B49A25 /* MyLittlePony */ = {
			isa = PBXNativeTarget;
			buildConfigurationList = A42B92EC2CFBC42300B49A25 /* Build configuration list for PBXNativeTarget "MyLittlePony" */;
			buildPhases = (
				A42B92C42CFBC42100B49A25 /* Sources */,
				A42B92C52CFBC42100B49A25 /* Frameworks */,
				A42B92C62CFBC42100B49A25 /* Resources */,
			);
			buildRules = (
			);
			dependencies = (
			);
			fileSystemSynchronizedGroups = (
				A42B92CA2CFBC42100B49A25 /* MyLittlePony */,
			);
			name = MyLittlePony;
			packageProductDependencies = (
			);
			productName = MyLittlePony;
			productReference = A42B92C82CFBC42100B49A25 /* MyLittlePony.app */;
			productType = "com.apple.product-type.application";
		};
		A42B92D72CFBC42300B49A25 /* MyLittlePonyTests */ = {
			isa = PBXNativeTarget;
			buildConfigurationList = A42B92EF2CFBC42300B49A25 /* Build configuration list for PBXNativeTarget "MyLittlePonyTests" */;
			buildPhases = (
				A42B92D42CFBC42300B49A25 /* Sources */,
				A42B92D52CFBC42300B49A25 /* Frameworks */,
				A42B92D62CFBC42300B49A25 /* Resources */,
			);
			buildRules = (
			);
			dependencies = (
				A42B92DA2CFBC42300B49A25 /* PBXTargetDependency */,
			);
			fileSystemSynchronizedGroups = (
				A42B92DB2CFBC42300B49A25 /* MyLittlePonyTests */,
			);
			name = MyLittlePonyTests;
			packageProductDependencies = (
			);
			productName = MyLittlePonyTests;
			productReference = A42B92D82CFBC42300B49A25 /* MyLittlePonyTests.xctest */;
			productType = "com.apple.product-type.bundle.unit-test";
		};
		A42B92E12CFBC42300B49A25 /* MyLittlePonyUITests */ = {
			isa = PBXNativeTarget;
			buildConfigurationList = A42B92F22CFBC42300B49A25 /* Build configuration list for PBXNativeTarget "MyLittlePonyUITests" */;
			buildPhases = (
				A42B92DE2CFBC42300B49A25 /* Sources */,
				A42B92DF2CFBC42300B49A25 /* Frameworks */,
				A42B92E02CFBC42300B49A25 /* Resources */,
			);
			buildRules = (
			);
			dependencies = (
				A42B92E42CFBC42300B49A25 /* PBXTargetDependency */,
			);
			fileSystemSynchronizedGroups = (
				A42B92E52CFBC42300B49A25 /* MyLittlePonyUITests */,
			);
			name = MyLittlePonyUITests;
			packageProductDependencies = (
			);
			productName = MyLittlePonyUITests;
			productReference = A42B92E22CFBC42300B49A25 /* MyLittlePonyUITests.xctest */;
			productType = "com.apple.product-type.bundle.ui-testing";
		};
/* End PBXNativeTarget section */

/* Begin PBXProject section */
		A42B92C02CFBC42100B49A25 /* Project object */ = {
			isa = PBXProject;
			attributes = {
				BuildIndependentTargetsInParallel = 1;
				LastSwiftUpdateCheck = 1620;
				LastUpgradeCheck = 1620;
				TargetAttributes = {
					A42B92C72CFBC42100B49A25 = {
						CreatedOnToolsVersion = 16.2;
					};
					A42B92D72CFBC42300B49A25 = {
						CreatedOnToolsVersion = 16.2;
						TestTargetID = A42B92C72CFBC42100B49A25;
					};
					A42B92E12CFBC42300B49A25 = {
						CreatedOnToolsVersion = 16.2;
						TestTargetID = A42B92C72CFBC42100B49A25;
					};
				};
			};
			buildConfigurationList = A42B92C32CFBC42100B49A25 /* Build configuration list for PBXProject "MyLittlePony" */;
			developmentRegion = en;
			hasScannedForEncodings = 0;
			knownRegions = (
				en,
				Base,
			);
			mainGroup = A42B92BF2CFBC42100B49A25;
			minimizedProjectReferenceProxies = 1;
			preferredProjectObjectVersion = 77;
			productRefGroup = A42B92C92CFBC42100B49A25 /* Products */;
			projectDirPath = "";
			projectRoot = "";
			targets = (
				A42B92C72CFBC42100B49A25 /* MyLittlePony */,
				A42B92D72CFBC42300B49A25 /* MyLittlePonyTests */,
				A42B92E12CFBC42300B49A25 /* MyLittlePonyUITests */,
			);
		};
/* End PBXProject section */

/* Begin PBXResourcesBuildPhase section */
		A42B92C62CFBC42100B49A25 /* Resources */ = {
			isa = PBXResourcesBuildPhase;
			buildActionMask = 2147483647;
			files = (
			);
			runOnlyForDeploymentPostprocessing = 0;
		};
		A42B92D62CFBC42300B49A25 /* Resources */ = {
			isa = PBXResourcesBuildPhase;
			buildActionMask = 2147483647;
			files = (
			);
			runOnlyForDeploymentPostprocessing = 0;
		};
		A42B92E02CFBC42300B49A25 /* Resources */ = {
			isa = PBXResourcesBuildPhase;
			buildActionMask = 2147483647;
			files = (
			);
			runOnlyForDeploymentPostprocessing = 0;
		};
/* End PBXResourcesBuildPhase section */

/* Begin PBXSourcesBuildPhase section */
		A42B92C42CFBC42100B49A25 /* Sources */ = {
			isa = PBXSourcesBuildPhase;
			buildActionMask = 2147483647;
			files = (
			);
			runOnlyForDeploymentPostprocessing = 0;
		};
		A42B92D42CFBC42300B49A25 /* Sources */ = {
			isa = PBXSourcesBuildPhase;
			buildActionMask = 2147483647;
			files = (
			);
			runOnlyForDeploymentPostprocessing = 0;
		};
		A42B92DE2CFBC42300B49A25 /* Sources */ = {
			isa = PBXSourcesBuildPhase;
			buildActionMask = 2147483647;
			files = (
			);
			runOnlyForDeploymentPostprocessing = 0;
		};
/* End PBXSourcesBuildPhase section */

/* Begin PBXTargetDependency section */
		A42B92DA2CFBC42300B49A25 /* PBXTargetDependency */ = {
			isa = PBXTargetDependency;
			target = A42B92C72CFBC42100B49A25 /* MyLittlePony */;
			targetProxy = A42B92D92CFBC42300B49A25 /* PBXContainerItemProxy */;
		};
		A42B92E42CFBC42300B49A25 /* PBXTargetDependency */ = {
			isa = PBXTargetDependency;
			target = A42B92C72CFBC42100B49A25 /* MyLittlePony */;
			targetProxy = A42B92E32CFBC42300B49A25 /* PBXContainerItemProxy */;
		};
/* End PBXTargetDependency section */

/* Begin XCBuildConfiguration section */
		A42B92EA2CFBC42300B49A25 /* Debug */ = {
			isa = XCBuildConfiguration;
			buildSettings = {
				ALWAYS_SEARCH_USER_PATHS = NO;
				ASSETCATALOG_COMPILER_GENERATE_SWIFT_ASSET_SYMBOL_EXTENSIONS = YES;
				CLANG_ANALYZER_NONNULL = YES;
				CLANG_ANALYZER_NUMBER_OBJECT_CONVERSION = YES_AGGRESSIVE;
				CLANG_CXX_LANGUAGE_STANDARD = "gnu++20";
				CLANG_ENABLE_MODULES = YES;
				CLANG_ENABLE_OBJC_ARC = YES;
				CLANG_ENABLE_OBJC_WEAK = YES;
				CLANG_WARN_BLOCK_CAPTURE_AUTORELEASING = YES;
				CLANG_WARN_BOOL_CONVERSION = YES;
				CLANG_WARN_COMMA = YES;
				CLANG_WARN_CONSTANT_CONVERSION = YES;
				CLANG_WARN_DEPRECATED_OBJC_IMPLEMENTATIONS = YES;
				CLANG_WARN_DIRECT_OBJC_ISA_USAGE = YES_ERROR;
				CLANG_WARN_DOCUMENTATION_COMMENTS = YES;
				CLANG_WARN_EMPTY_BODY = YES;
				CLANG_WARN_ENUM_CONVERSION = YES;
				CLANG_WARN_INFINITE_RECURSION = YES;
				CLANG_WARN_INT_CONVERSION = YES;
				CLANG_WARN_NON_LITERAL_NULL_CONVERSION = YES;
				CLANG_WARN_OBJC_IMPLICIT_RETAIN_SELF = YES;
				CLANG_WARN_OBJC_LITERAL_CONVERSION = YES;
				CLANG_WARN_OBJC_ROOT_CLASS = YES_ERROR;
				CLANG_WARN_QUOTED_INCLUDE_IN_FRAMEWORK_HEADER = YES;
				CLANG_WARN_RANGE_LOOP_ANALYSIS = YES;
				CLANG_WARN_STRICT_PROTOTYPES = YES;
				CLANG_WARN_SUSPICIOUS_MOVE = YES;
				CLANG_WARN_UNGUARDED_AVAILABILITY = YES_AGGRESSIVE;
				CLANG_WARN_UNREACHABLE_CODE = YES;
				CLANG_WARN__DUPLICATE_METHOD_MATCH = YES;
				COPY_PHASE_STRIP = NO;
				DEBUG_INFORMATION_FORMAT = dwarf;
				ENABLE_STRICT_OBJC_MSGSEND = YES;
				ENABLE_TESTABILITY = YES;
				ENABLE_USER_SCRIPT_SANDBOXING = YES;
				GCC_C_LANGUAGE_STANDARD = gnu17;
				GCC_DYNAMIC_NO_PIC = NO;
				GCC_NO_COMMON_BLOCKS = YES;
				GCC_OPTIMIZATION_LEVEL = 0;
				GCC_PREPROCESSOR_DEFINITIONS = (
					"DEBUG=1",
					"$(inherited)",
				);
				GCC_WARN_64_TO_32_BIT_CONVERSION = YES;
				GCC_WARN_ABOUT_RETURN_TYPE = YES_ERROR;
				GCC_WARN_UNDECLARED_SELECTOR = YES;
				GCC_WARN_UNINITIALIZED_AUTOS = YES_AGGRESSIVE;
				GCC_WARN_UNUSED_FUNCTION = YES;
				GCC_WARN_UNUSED_VARIABLE = YES;
				IPHONEOS_DEPLOYMENT_TARGET = 18.2;
				LOCALIZATION_PREFERS_STRING_CATALOGS = YES;
				MTL_ENABLE_DEBUG_INFO = INCLUDE_SOURCE;
				MTL_FAST_MATH = YES;
				ONLY_ACTIVE_ARCH = YES;
				SDKROOT = iphoneos;
				SWIFT_ACTIVE_COMPILATION_CONDITIONS = "DEBUG $(inherited)";
				SWIFT_OPTIMIZATION_LEVEL = "-Onone";
			};
			name = Debug;
		};
		A42B92EB2CFBC42300B49A25 /* Release */ = {
			isa = XCBuildConfiguration;
			buildSettings = {
				ALWAYS_SEARCH_USER_PATHS = NO;
				ASSETCATALOG_COMPILER_GENERATE_SWIFT_ASSET_SYMBOL_EXTENSIONS = YES;
				CLANG_ANALYZER_NONNULL = YES;
				CLANG_ANALYZER_NUMBER_OBJECT_CONVERSION = YES_AGGRESSIVE;
				CLANG_CXX_LANGUAGE_STANDARD = "gnu++20";
				CLANG_ENABLE_MODULES = YES;
				CLANG_ENABLE_OBJC_ARC = YES;
				CLANG_ENABLE_OBJC_WEAK = YES;
				CLANG_WARN_BLOCK_CAPTURE_AUTORELEASING = YES;
				CLANG_WARN_BOOL_CONVERSION = YES;
				CLANG_WARN_COMMA = YES;
				CLANG_WARN_CONSTANT_CONVERSION = YES;
				CLANG_WARN_DEPRECATED_OBJC_IMPLEMENTATIONS = YES;
				CLANG_WARN_DIRECT_OBJC_ISA_USAGE = YES_ERROR;
				CLANG_WARN_DOCUMENTATION_COMMENTS = YES;
				CLANG_WARN_EMPTY_BODY = YES;
				CLANG_WARN_ENUM_CONVERSION = YES;
				CLANG_WARN_INFINITE_RECURSION = YES;
				CLANG_WARN_INT_CONVERSION = YES;
				CLANG_WARN_NON_LITERAL_NULL_CONVERSION = YES;
				CLANG_WARN_OBJC_IMPLICIT_RETAIN_SELF = YES;
				CLANG_WARN_OBJC_LITERAL_CONVERSION = YES;
				CLANG_WARN_OBJC_ROOT_CLASS = YES_ERROR;
				CLANG_WARN_QUOTED_INCLUDE_IN_FRAMEWORK_HEADER = YES;
				CLANG_WARN_RANGE_LOOP_ANALYSIS = YES;
				CLANG_WARN_STRICT_PROTOTYPES = YES;
				CLANG_WARN_SUSPICIOUS_MOVE = YES;
				CLANG_WARN_UNGUARDED_AVAILABILITY = YES_AGGRESSIVE;
				CLANG_WARN_UNREACHABLE_CODE = YES;
				CLANG_WARN__DUPLICATE_METHOD_MATCH = YES;
				COPY_PHASE_STRIP = NO;
				DEBUG_INFORMATION_FORMAT = "dwarf-with-dsym";
				ENABLE_NS_ASSERTIONS = NO;
				ENABLE_STRICT_OBJC_MSGSEND = YES;
				ENABLE_USER_SCRIPT_SANDBOXING = YES;
				GCC_C_LANGUAGE_STANDARD = gnu17;
				GCC_NO_COMMON_BLOCKS = YES;
				GCC_WARN_64_TO_32_BIT_CONVERSION = YES;
				GCC_WARN_ABOUT_RETURN_TYPE = YES_ERROR;
				GCC_WARN_UNDECLARED_SELECTOR = YES;
				GCC_WARN_UNINITIALIZED_AUTOS = YES_AGGRESSIVE;
				GCC_WARN_UNUSED_FUNCTION = YES;
				GCC_WARN_UNUSED_VARIABLE = YES;
				IPHONEOS_DEPLOYMENT_TARGET = 18.2;
				LOCALIZATION_PREFERS_STRING_CATALOGS = YES;
				MTL_ENABLE_DEBUG_INFO = NO;
				MTL_FAST_MATH = YES;
				SDKROOT = iphoneos;
				SWIFT_COMPILATION_MODE = wholemodule;
				VALIDATE_PRODUCT = YES;
			};
			name = Release;
		};
		A42B92ED2CFBC42300B49A25 /* Debug */ = {
			isa = XCBuildConfiguration;
			buildSettings = {
				ASSETCATALOG_COMPILER_APPICON_NAME = AppIcon;
				ASSETCATALOG_COMPILER_GLOBAL_ACCENT_COLOR_NAME = AccentColor;
				CODE_SIGN_STYLE = Automatic;
				CURRENT_PROJECT_VERSION = 1;
				DEVELOPMENT_TEAM = 2JPH2WXJQ7;
				ENABLE_PREVIEWS = YES;
				GENERATE_INFOPLIST_FILE = YES;
				INFOPLIST_KEY_UIApplicationSceneManifest_Generation = YES;
				INFOPLIST_KEY_UIApplicationSupportsIndirectInputEvents = YES;
				INFOPLIST_KEY_UILaunchScreen_Generation = YES;
				INFOPLIST_KEY_UISupportedInterfaceOrientations_iPad = "UIInterfaceOrientationPortrait UIInterfaceOrientationPortraitUpsideDown UIInterfaceOrientationLandscapeLeft UIInterfaceOrientationLandscapeRight";
				INFOPLIST_KEY_UISupportedInterfaceOrientations_iPhone = "UIInterfaceOrientationPortrait UIInterfaceOrientationLandscapeLeft UIInterfaceOrientationLandscapeRight";
				IPHONEOS_DEPLOYMENT_TARGET = 16.0;
				LD_RUNPATH_SEARCH_PATHS = (
					"$(inherited)",
					"@executable_path/Frameworks",
				);
				MARKETING_VERSION = 1.0;
				PRODUCT_BUNDLE_IDENTIFIER = com.potato.MyLittlePony;
				PRODUCT_NAME = "$(TARGET_NAME)";
				SWIFT_EMIT_LOC_STRINGS = YES;
				SWIFT_VERSION = 5.0;
				TARGETED_DEVICE_FAMILY = "1,2";
			};
			name = Debug;
		};
		A42B92EE2CFBC42300B49A25 /* Release */ = {
			isa = XCBuildConfiguration;
			buildSettings = {
				ASSETCATALOG_COMPILER_APPICON_NAME = AppIcon;
				ASSETCATALOG_COMPILER_GLOBAL_ACCENT_COLOR_NAME = AccentColor;
				CODE_SIGN_STYLE = Automatic;
				CURRENT_PROJECT_VERSION = 1;
				DEVELOPMENT_TEAM = 2JPH2WXJQ7;
				ENABLE_PREVIEWS = YES;
				GENERATE_INFOPLIST_FILE = YES;
				INFOPLIST_KEY_UIApplicationSceneManifest_Generation = YES;
				INFOPLIST_KEY_UIApplicationSupportsIndirectInputEvents = YES;
				INFOPLIST_KEY_UILaunchScreen_Generation = YES;
				INFOPLIST_KEY_UISupportedInterfaceOrientations_iPad = "UIInterfaceOrientationPortrait UIInterfaceOrientationPortraitUpsideDown UIInterfaceOrientationLandscapeLeft UIInterfaceOrientationLandscapeRight";
				INFOPLIST_KEY_UISupportedInterfaceOrientations_iPhone = "UIInterfaceOrientationPortrait UIInterfaceOrientationLandscapeLeft UIInterfaceOrientationLandscapeRight";
				IPHONEOS_DEPLOYMENT_TARGET = 16.0;
				LD_RUNPATH_SEARCH_PATHS = (
					"$(inherited)",
					"@executable_path/Frameworks",
				);
				MARKETING_VERSION = 1.0;
				PRODUCT_BUNDLE_IDENTIFIER = com.potato.MyLittlePony;
				PRODUCT_NAME = "$(TARGET_NAME)";
				SWIFT_EMIT_LOC_STRINGS = YES;
				SWIFT_VERSION = 5.0;
				TARGETED_DEVICE_FAMILY = "1,2";
			};
			name = Release;
		};
		A42B92F02CFBC42300B49A25 /* Debug */ = {
			isa = XCBuildConfiguration;
			buildSettings = {
				BUNDLE_LOADER = "$(TEST_HOST)";
				CODE_SIGN_STYLE = Automatic;
				CURRENT_PROJECT_VERSION = 1;
				GENERATE_INFOPLIST_FILE = YES;
				IPHONEOS_DEPLOYMENT_TARGET = 16.0;
				MARKETING_VERSION = 1.0;
				PRODUCT_BUNDLE_IDENTIFIER = com.potato.MyLittlePonyTests;
				PRODUCT_NAME = "$(TARGET_NAME)";
				SWIFT_EMIT_LOC_STRINGS = NO;
				SWIFT_VERSION = 5.0;
				TARGETED_DEVICE_FAMILY = "1,2";
				TEST_HOST = "$(BUILT_PRODUCTS_DIR)/MyLittlePony.app/$(BUNDLE_EXECUTABLE_FOLDER_PATH)/MyLittlePony";
			};
			name = Debug;
		};
		A42B92F12CFBC42300B49A25 /* Release */ = {
			isa = XCBuildConfiguration;
			buildSettings = {
				BUNDLE_LOADER = "$(TEST_HOST)";
				CODE_SIGN_STYLE = Automatic;
				CURRENT_PROJECT_VERSION = 1;
				GENERATE_INFOPLIST_FILE = YES;
				IPHONEOS_DEPLOYMENT_TARGET = 16.0;
				MARKETING_VERSION = 1.0;
				PRODUCT_BUNDLE_IDENTIFIER = com.potato.MyLittlePonyTests;
				PRODUCT_NAME = "$(TARGET_NAME)";
				SWIFT_EMIT_LOC_STRINGS = NO;
				SWIFT_VERSION = 5.0;
				TARGETED_DEVICE_FAMILY = "1,2";
				TEST_HOST = "$(BUILT_PRODUCTS_DIR)/MyLittlePony.app/$(BUNDLE_EXECUTABLE_FOLDER_PATH)/MyLittlePony";
			};
			name = Release;
		};
		A42B92F32CFBC42300B49A25 /* Debug */ = {
			isa = XCBuildConfiguration;
			buildSettings = {
				CODE_SIGN_STYLE = Automatic;
				CURRENT_PROJECT_VERSION = 1;
				GENERATE_INFOPLIST_FILE = YES;
				IPHONEOS_DEPLOYMENT_TARGET = 16.0;
				MARKETING_VERSION = 1.0;
				PRODUCT_BUNDLE_IDENTIFIER = com.potato.MyLittlePonyUITests;
				PRODUCT_NAME = "$(TARGET_NAME)";
				SWIFT_EMIT_LOC_STRINGS = NO;
				SWIFT_VERSION = 5.0;
				TARGETED_DEVICE_FAMILY = "1,2";
				TEST_TARGET_NAME = MyLittlePony;
			};
			name = Debug;
		};
		A42B92F42CFBC42300B49A25 /* Release */ = {
			isa = XCBuildConfiguration;
			buildSettings = {
				CODE_SIGN_STYLE = Automatic;
				CURRENT_PROJECT_VERSION = 1;
				GENERATE_INFOPLIST_FILE = YES;
				IPHONEOS_DEPLOYMENT_TARGET = 16.0;
				MARKETING_VERSION = 1.0;
				PRODUCT_BUNDLE_IDENTIFIER = com.potato.MyLittlePonyUITests;
				PRODUCT_NAME = "$(TARGET_NAME)";
				SWIFT_EMIT_LOC_STRINGS = NO;
				SWIFT_VERSION = 5.0;
				TARGETED_DEVICE_FAMILY = "1,2";
				TEST_TARGET_NAME = MyLittlePony;
			};
			name = Release;
		};
/* End XCBuildConfiguration section */

/* Begin XCConfigurationList section */
		A42B92C32CFBC42100B49A25 /* Build configuration list for PBXProject "MyLittlePony" */ = {
			isa = XCConfigurationList;
			buildConfigurations = (
				A42B92EA2CFBC42300B49A25 /* Debug */,
				A42B92EB2CFBC42300B49A25 /* Release */,
			);
			defaultConfigurationIsVisible = 0;
			defaultConfigurationName = Release;
		};
		A42B92EC2CFBC42300B49A25 /* Build configuration list for PBXNativeTarget "MyLittlePony" */ = {
			isa = XCConfigurationList;
			buildConfigurations = (
				A42B92ED2CFBC42300B49A25 /* Debug */,
				A42B92EE2CFBC42300B49A25 /* Release */,
			);
			defaultConfigurationIsVisible = 0;
			defaultConfigurationName = Release;
		};
		A42B92EF2CFBC42300B49A25 /* Build configuration list for PBXNativeTarget "MyLittlePonyTests" */ = {
			isa = XCConfigurationList;
			buildConfigurations = (
				A42B92F02CFBC42300B49A25 /* Debug */,
				A42B92F12CFBC42300B49A25 /* Release */,
			);
			defaultConfigurationIsVisible = 0;
			defaultConfigurationName = Release;
		};
		A42B92F22CFBC42300B49A25 /* Build configuration list for PBXNativeTarget "MyLittlePonyUITests" */ = {
			isa = XCConfigurationList;
			buildConfigurations = (
				A42B92F32CFBC42300B49A25 /* Debug */,
				A42B92F42CFBC42300B49A25 /* Release */,
			);
			defaultConfigurationIsVisible = 0;
			defaultConfigurationName = Release;
		};
/* End XCConfigurationList section */
	};
	rootObject = A42B92C02CFBC42100B49A25 /* Project object */;
}
